
Microsoft Visual Studio Solution File, Format Version 11.00
# Visual Studio 2010
Project("{FAE04EC0-301F-11D3-BF4B-00C04F79EFBC}") = "JsonWebToken", "JsonWebToken\JsonWebToken.csproj", "{20E4D6B1-8F93-460D-9B95-1FAA9970F434}"
EndProject
Project("{FAE04EC0-301F-11D3-BF4B-00C04F79EFBC}") = "JsonWebTokenTests", "JsonWebTokenTests\JsonWebTokenTests.csproj", "{E27C3FEB-FB4B-43A2-B2A3-3CFE1F4E2A94}"
EndProject
Project("{FAE04EC0-301F-11D3-BF4B-00C04F79EFBC}") = "GenerateKey", "GenerateKey\GenerateKey.csproj", "{BB73179C-FF68-4BAE-BEB5-88CAB649A0A3}"
EndProject
Project("{FAE04EC0-301F-11D3-BF4B-00C04F79EFBC}") = "HasKey", "HasKey\HasKey.csproj", "{C9EE5038-4E1C-4DCF-BB7D-69EC1A0B63E4}"
EndProject
Global
	GlobalSection(SolutionConfigurationPlatforms) = preSolution
		Debug|Any CPU = Debug|Any CPU
		Debug|Mixed Platforms = Debug|Mixed Platforms
		Debug|x86 = Debug|x86
		Release|Any CPU = Release|Any CPU
		Release|Mixed Platforms = Release|Mixed Platforms
		Release|x86 = Release|x86
	EndGlobalSection
	GlobalSection(ProjectConfigurationPlatforms) = postSolution
		{20E4D6B1-8F93-460D-9B95-1FAA9970F434}.Debug|Any CPU.ActiveCfg = Debug|Any CPU
		{20E4D6B1-8F93-460D-9B95-1FAA9970F434}.Debug|Any CPU.Build.0 = Debug|Any CPU
		{20E4D6B1-8F93-460D-9B95-1FAA9970F434}.Debug|Mixed Platforms.ActiveCfg = Debug|Any CPU
		{20E4D6B1-8F93-460D-9B95-1FAA9970F434}.Debug|Mixed Platforms.Build.0 = Debug|Any CPU
		{20E4D6B1-8F93-460D-9B95-1FAA9970F434}.Debug|x86.ActiveCfg = Debug|Any CPU
		{20E4D6B1-8F93-460D-9B95-1FAA9970F434}.Release|Any CPU.ActiveCfg = Release|Any CPU
		{20E4D6B1-8F93-460D-9B95-1FAA9970F434}.Release|Any CPU.Build.0 = Release|Any CPU
		{20E4D6B1-8F93-460D-9B95-1FAA9970F434}.Release|Mixed Platforms.ActiveCfg = Release|Any CPU
		{20E4D6B1-8F93-460D-9B95-1FAA9970F434}.Release|Mixed Platforms.Build.0 = Release|Any CPU
		{20E4D6B1-8F93-460D-9B95-1FAA9970F434}.Release|x86.ActiveCfg = Release|Any CPU
		{E27C3FEB-FB4B-43A2-B2A3-3CFE1F4E2A94}.Debug|Any CPU.ActiveCfg = Debug|Any CPU
		{E27C3FEB-FB4B-43A2-B2A3-3CFE1F4E2A94}.Debug|Any CPU.Build.0 = Debug|Any CPU
		{E27C3FEB-FB4B-43A2-B2A3-3CFE1F4E2A94}.Debug|Mixed Platforms.ActiveCfg = Debug|Any CPU
		{E27C3FEB-FB4B-43A2-B2A3-3CFE1F4E2A94}.Debug|Mixed Platforms.Build.0 = Debug|Any CPU
		{E27C3FEB-FB4B-43A2-B2A3-3CFE1F4E2A94}.Debug|x86.ActiveCfg = Debug|Any CPU
		{E27C3FEB-FB4B-43A2-B2A3-3CFE1F4E2A94}.Release|Any CPU.ActiveCfg = Release|Any CPU
		{E27C3FEB-FB4B-43A2-B2A3-3CFE1F4E2A94}.Release|Any CPU.Build.0 = Release|Any CPU
		{E27C3FEB-FB4B-43A2-B2A3-3CFE1F4E2A94}.Release|Mixed Platforms.ActiveCfg = Release|Any CPU
		{E27C3FEB-FB4B-43A2-B2A3-3CFE1F4E2A94}.Release|Mixed Platforms.Build.0 = Release|Any CPU
		{E27C3FEB-FB4B-43A2-B2A3-3CFE1F4E2A94}.Release|x86.ActiveCfg = Release|Any CPU
		{BB73179C-FF68-4BAE-BEB5-88CAB649A0A3}.Debug|Any CPU.ActiveCfg = Debug|x86
		{BB73179C-FF68-4BAE-BEB5-88CAB649A0A3}.Debug|Mixed Platforms.ActiveCfg = Debug|x86
		{BB73179C-FF68-4BAE-BEB5-88CAB649A0A3}.Debug|Mixed Platforms.Build.0 = Debug|x86
		{BB73179C-FF68-4BAE-BEB5-88CAB649A0A3}.Debug|x86.ActiveCfg = Debug|x86
		{BB73179C-FF68-4BAE-BEB5-88CAB649A0A3}.Debug|x86.Build.0 = Debug|x86
		{BB73179C-FF68-4BAE-BEB5-88CAB649A0A3}.Release|Any CPU.ActiveCfg = Release|x86
		{BB73179C-FF68-4BAE-BEB5-88CAB649A0A3}.Release|Mixed Platforms.ActiveCfg = Release|x86
		{BB73179C-FF68-4BAE-BEB5-88CAB649A0A3}.Release|Mixed Platforms.Build.0 = Release|x86
		{BB73179C-FF68-4BAE-BEB5-88CAB649A0A3}.Release|x86.ActiveCfg = Release|x86
		{BB73179C-FF68-4BAE-BEB5-88CAB649A0A3}.Release|x86.Build.0 = Release|x86
		{C9EE5038-4E1C-4DCF-BB7D-69EC1A0B63E4}.Debug|Any CPU.ActiveCfg = Debug|x86
		{C9EE5038-4E1C-4DCF-BB7D-69EC1A0B63E4}.Debug|Mixed Platforms.ActiveCfg = Debug|x86
		{C9EE5038-4E1C-4DCF-BB7D-69EC1A0B63E4}.Debug|Mixed Platforms.Build.0 = Debug|x86
		{C9EE5038-4E1C-4DCF-BB7D-69EC1A0B63E4}.Debug|x86.ActiveCfg = Debug|x86
		{C9EE5038-4E1C-4DCF-BB7D-69EC1A0B63E4}.Debug|x86.Build.0 = Debug|x86
		{C9EE5038-4E1C-4DCF-BB7D-69EC1A0B63E4}.Release|Any CPU.ActiveCfg = Release|x86
		{C9EE5038-4E1C-4DCF-BB7D-69EC1A0B63E4}.Release|Mixed Platforms.ActiveCfg = Release|x86
		{C9EE5038-4E1C-4DCF-BB7D-69EC1A0B63E4}.Release|Mixed Platforms.Build.0 = Release|x86
		{C9EE5038-4E1C-4DCF-BB7D-69EC1A0B63E4}.Release|x86.ActiveCfg = Release|x86
		{C9EE5038-4E1C-4DCF-BB7D-69EC1A0B63E4}.Release|x86.Build.0 = Release|x86
	EndGlobalSection
	GlobalSection(SolutionProperties) = preSolution
		HideSolutionNode = FALSE
	EndGlobalSection
EndGlobal
